<?xml version="1.0" encoding="UTF-8" standalone="yes" ?>
<CodeBlocks_project_file>
	<FileVersion major="1" minor="6" />
	<Project>
		<Option title="Type Lite" />
		<Option compiler="gcc" />
		<Build>
			<Target title="default">
				<Option output="any-lite" prefix_auto="1" extension_auto="1" />
				<Option type="0" />
				<Option compiler="gcc" />
			</Target>
		</Build>
		<Unit filename="../../.gitattributes" />
		<Unit filename="../../.gitignore" />
		<Unit filename="../../CMakeLists.txt" />
		<Unit filename="../../LICENSE.txt" />
		<Unit filename="../../README.md" />
		<Unit filename="../../appveyor.yml" />
		<Unit filename="../../cmake/type-config-version.cmake.in" />
		<Unit filename="../../cmake/type-config.cmake.in" />
		<Unit filename="../../conanfile.py" />
		<Unit filename="../../doc/install.md" />
		<Unit filename="../../example/01-basic.cpp" />
		<Unit filename="../../example/02-default.cpp" />
		<Unit filename="../../example/03-non-default.cpp" />
		<Unit filename="../../example/04-sub.cpp" />
		<Unit filename="../../example/05-function.cpp" />
		<Unit filename="../../example/06-stream.cpp" />
		<Unit filename="../../include/nonstd/type.hpp" />
		<Unit filename="../../script/create-cov-rpt.py" />
		<Unit filename="../../script/create-vcpkg.py" />
		<Unit filename="../../script/update-version.py" />
		<Unit filename="../../script/upload-conan.py" />
		<Unit filename="../../spike/main.cpp" />
		<Unit filename="../../spike/simple.cpp" />
		<Unit filename="../../spike/using-template.cpp" />
		<Unit filename="../../test/CMakeLists.txt" />
		<Unit filename="../../test/lest_cpp03.hpp" />
		<Unit filename="../../test/t-std.bat" />
		<Unit filename="../../test/t.bat" />
		<Unit filename="../../test/tc.bat" />
		<Unit filename="../../test/tg.bat" />
		<Unit filename="../../test/type-main.t.cpp" />
		<Unit filename="../../test/type-main.t.hpp" />
		<Unit filename="../../test/type.t.cpp" />
		<Extensions>
			<code_completion />
			<envvars />
			<debugger />
			<lib_finder disable_auto="1" />
		</Extensions>
	</Project>
</CodeBlocks_project_file>
